
Microsoft Visual Studio Solution File, Format Version 12.00
# Visual Studio Version 16
VisualStudioVersion = 16.0.30503.244
MinimumVisualStudioVersion = 10.0.40219.1
Project("{8BC9CEB8-8B4A-11D0-8D11-00A0C91BC942}") = "Anti-Rootkit", "Anti-Rootkit\Anti-Rootkit.vcxproj", "{A29572BD-57C4-401D-80C0-29EA6AF7471E}"
EndProject
Project("{8BC9CEB8-8B4A-11D0-8D11-00A0C91BC942}") = "WinArk", "WinArk\WinArk.vcxproj", "{B8B52E8A-3A29-449D-B324-7A72994F83E2}"
EndProject
Project("{8BC9CEB8-8B4A-11D0-8D11-00A0C91BC942}") = "WinSysCore", "WinSysCore\WinSysCore.vcxproj", "{38942B29-A5A3-49C3-A922-0C1082DB33C0}"
EndProject
Project("{8BC9CEB8-8B4A-11D0-8D11-00A0C91BC942}") = "PEParser", "PEParser\PEParser.vcxproj", "{CC899776-2282-4442-BC9D-F21130C80FE1}"
EndProject
Project("{8BC9CEB8-8B4A-11D0-8D11-00A0C91BC942}") = "KernelLibrary", "KernelLibrary\KernelLibrary.vcxproj", "{C8530718-A24C-4F86-BF28-CF5192F1751B}"
EndProject
Project("{8BC9CEB8-8B4A-11D0-8D11-00A0C91BC942}") = "PdbParser", "PdbParser\PdbParser.vcxproj", "{E0E3D364-ABF7-407D-A67C-FDDDB58687F3}"
EndProject
Project("{8BC9CEB8-8B4A-11D0-8D11-00A0C91BC942}") = "Utils", "Utils\Utils.vcxproj", "{4276EF07-4FDE-43AE-9C72-4CF73E669741}"
EndProject
Project("{8BC9CEB8-8B4A-11D0-8D11-00A0C91BC942}") = "WinArkSvc", "WinArkSvc\WinArkSvc.vcxproj", "{E2954D26-F8EA-4865-B31A-5AF74DAEC92D}"
EndProject
Project("{8BC9CEB8-8B4A-11D0-8D11-00A0C91BC942}") = "alarm", "alarm\alarm.vcxproj", "{23435BC0-4F45-4D8D-917D-90C86B5F0DA0}"
EndProject
Project("{8BC9CEB8-8B4A-11D0-8D11-00A0C91BC942}") = "ProcMon", "ProcMon\ProcMon.vcxproj", "{495C31CF-8DD9-45AC-B53E-E70F3791C925}"
EndProject
Project("{8BC9CEB8-8B4A-11D0-8D11-00A0C91BC942}") = "DbgEngine", "DbgEngine\DbgEngine.vcxproj", "{09A755E6-67B4-4DBD-956A-0AFD923B779B}"
EndProject
Project("{8BC9CEB8-8B4A-11D0-8D11-00A0C91BC942}") = "libMinHook", "minhook\build\VC16\libMinHook.vcxproj", "{F142A341-5EE0-442D-A15F-98AE9B48DBAE}"
EndProject
Project("{8BC9CEB8-8B4A-11D0-8D11-00A0C91BC942}") = "Test", "Test\Test.vcxproj", "{F967758B-AE4A-44F6-AC12-7F63A9CE23E3}"
EndProject
Global
	GlobalSection(SolutionConfigurationPlatforms) = preSolution
		Debug|ARM = Debug|ARM
		Debug|ARM64 = Debug|ARM64
		Debug|x64 = Debug|x64
		Debug|x86 = Debug|x86
		Release|ARM = Release|ARM
		Release|ARM64 = Release|ARM64
		Release|x64 = Release|x64
		Release|x86 = Release|x86
	EndGlobalSection
	GlobalSection(ProjectConfigurationPlatforms) = postSolution
		{A29572BD-57C4-401D-80C0-29EA6AF7471E}.Debug|ARM.ActiveCfg = Debug|ARM
		{A29572BD-57C4-401D-80C0-29EA6AF7471E}.Debug|ARM.Build.0 = Debug|ARM
		{A29572BD-57C4-401D-80C0-29EA6AF7471E}.Debug|ARM.Deploy.0 = Debug|ARM
		{A29572BD-57C4-401D-80C0-29EA6AF7471E}.Debug|ARM64.ActiveCfg = Debug|ARM64
		{A29572BD-57C4-401D-80C0-29EA6AF7471E}.Debug|ARM64.Build.0 = Debug|ARM64
		{A29572BD-57C4-401D-80C0-29EA6AF7471E}.Debug|ARM64.Deploy.0 = Debug|ARM64
		{A29572BD-57C4-401D-80C0-29EA6AF7471E}.Debug|x64.ActiveCfg = Debug|x64
		{A29572BD-57C4-401D-80C0-29EA6AF7471E}.Debug|x64.Build.0 = Debug|x64
		{A29572BD-57C4-401D-80C0-29EA6AF7471E}.Debug|x64.Deploy.0 = Debug|x64
		{A29572BD-57C4-401D-80C0-29EA6AF7471E}.Debug|x86.ActiveCfg = Debug|Win32
		{A29572BD-57C4-401D-80C0-29EA6AF7471E}.Debug|x86.Build.0 = Debug|Win32
		{A29572BD-57C4-401D-80C0-29EA6AF7471E}.Debug|x86.Deploy.0 = Debug|Win32
		{A29572BD-57C4-401D-80C0-29EA6AF7471E}.Release|ARM.ActiveCfg = Release|ARM
		{A29572BD-57C4-401D-80C0-29EA6AF7471E}.Release|ARM.Build.0 = Release|ARM
		{A29572BD-57C4-401D-80C0-29EA6AF7471E}.Release|ARM.Deploy.0 = Release|ARM
		{A29572BD-57C4-401D-80C0-29EA6AF7471E}.Release|ARM64.ActiveCfg = Release|ARM64
		{A29572BD-57C4-401D-80C0-29EA6AF7471E}.Release|ARM64.Build.0 = Release|ARM64
		{A29572BD-57C4-401D-80C0-29EA6AF7471E}.Release|ARM64.Deploy.0 = Release|ARM64
		{A29572BD-57C4-401D-80C0-29EA6AF7471E}.Release|x64.ActiveCfg = Release|x64
		{A29572BD-57C4-401D-80C0-29EA6AF7471E}.Release|x64.Build.0 = Release|x64
		{A29572BD-57C4-401D-80C0-29EA6AF7471E}.Release|x64.Deploy.0 = Release|x64
		{A29572BD-57C4-401D-80C0-29EA6AF7471E}.Release|x86.ActiveCfg = Release|Win32
		{A29572BD-57C4-401D-80C0-29EA6AF7471E}.Release|x86.Build.0 = Release|Win32
		{A29572BD-57C4-401D-80C0-29EA6AF7471E}.Release|x86.Deploy.0 = Release|Win32
		{B8B52E8A-3A29-449D-B324-7A72994F83E2}.Debug|ARM.ActiveCfg = Debug|Win32
		{B8B52E8A-3A29-449D-B324-7A72994F83E2}.Debug|ARM64.ActiveCfg = Debug|Win32
		{B8B52E8A-3A29-449D-B324-7A72994F83E2}.Debug|x64.ActiveCfg = Debug|x64
		{B8B52E8A-3A29-449D-B324-7A72994F83E2}.Debug|x64.Build.0 = Debug|x64
		{B8B52E8A-3A29-449D-B324-7A72994F83E2}.Debug|x64.Deploy.0 = Debug|x64
		{B8B52E8A-3A29-449D-B324-7A72994F83E2}.Debug|x86.ActiveCfg = Debug|Win32
		{B8B52E8A-3A29-449D-B324-7A72994F83E2}.Debug|x86.Build.0 = Debug|Win32
		{B8B52E8A-3A29-449D-B324-7A72994F83E2}.Debug|x86.Deploy.0 = Debug|Win32
		{B8B52E8A-3A29-449D-B324-7A72994F83E2}.Release|ARM.ActiveCfg = Release|Win32
		{B8B52E8A-3A29-449D-B324-7A72994F83E2}.Release|ARM64.ActiveCfg = Release|Win32
		{B8B52E8A-3A29-449D-B324-7A72994F83E2}.Release|x64.ActiveCfg = Release|x64
		{B8B52E8A-3A29-449D-B324-7A72994F83E2}.Release|x64.Build.0 = Release|x64
		{B8B52E8A-3A29-449D-B324-7A72994F83E2}.Release|x64.Deploy.0 = Release|x64
		{B8B52E8A-3A29-449D-B324-7A72994F83E2}.Release|x86.ActiveCfg = Release|Win32
		{B8B52E8A-3A29-449D-B324-7A72994F83E2}.Release|x86.Build.0 = Release|Win32
		{38942B29-A5A3-49C3-A922-0C1082DB33C0}.Debug|ARM.ActiveCfg = Debug|Win32
		{38942B29-A5A3-49C3-A922-0C1082DB33C0}.Debug|ARM64.ActiveCfg = Debug|Win32
		{38942B29-A5A3-49C3-A922-0C1082DB33C0}.Debug|x64.ActiveCfg = Debug|x64
		{38942B29-A5A3-49C3-A922-0C1082DB33C0}.Debug|x64.Build.0 = Debug|x64
		{38942B29-A5A3-49C3-A922-0C1082DB33C0}.Debug|x86.ActiveCfg = Debug|Win32
		{38942B29-A5A3-49C3-A922-0C1082DB33C0}.Debug|x86.Build.0 = Debug|Win32
		{38942B29-A5A3-49C3-A922-0C1082DB33C0}.Release|ARM.ActiveCfg = Release|Win32
		{38942B29-A5A3-49C3-A922-0C1082DB33C0}.Release|ARM64.ActiveCfg = Release|Win32
		{38942B29-A5A3-49C3-A922-0C1082DB33C0}.Release|x64.ActiveCfg = Release|x64
		{38942B29-A5A3-49C3-A922-0C1082DB33C0}.Release|x64.Build.0 = Release|x64
		{38942B29-A5A3-49C3-A922-0C1082DB33C0}.Release|x86.ActiveCfg = Release|Win32
		{38942B29-A5A3-49C3-A922-0C1082DB33C0}.Release|x86.Build.0 = Release|Win32
		{CC899776-2282-4442-BC9D-F21130C80FE1}.Debug|ARM.ActiveCfg = Debug|Win32
		{CC899776-2282-4442-BC9D-F21130C80FE1}.Debug|ARM64.ActiveCfg = Debug|Win32
		{CC899776-2282-4442-BC9D-F21130C80FE1}.Debug|x64.ActiveCfg = Debug|x64
		{CC899776-2282-4442-BC9D-F21130C80FE1}.Debug|x64.Build.0 = Debug|x64
		{CC899776-2282-4442-BC9D-F21130C80FE1}.Debug|x86.ActiveCfg = Debug|Win32
		{CC899776-2282-4442-BC9D-F21130C80FE1}.Debug|x86.Build.0 = Debug|Win32
		{CC899776-2282-4442-BC9D-F21130C80FE1}.Release|ARM.ActiveCfg = Release|Win32
		{CC899776-2282-4442-BC9D-F21130C80FE1}.Release|ARM64.ActiveCfg = Release|Win32
		{CC899776-2282-4442-BC9D-F21130C80FE1}.Release|x64.ActiveCfg = Release|x64
		{CC899776-2282-4442-BC9D-F21130C80FE1}.Release|x64.Build.0 = Release|x64
		{CC899776-2282-4442-BC9D-F21130C80FE1}.Release|x86.ActiveCfg = Release|Win32
		{CC899776-2282-4442-BC9D-F21130C80FE1}.Release|x86.Build.0 = Release|Win32
		{C8530718-A24C-4F86-BF28-CF5192F1751B}.Debug|ARM.ActiveCfg = Debug|ARM
		{C8530718-A24C-4F86-BF28-CF5192F1751B}.Debug|ARM.Build.0 = Debug|ARM
		{C8530718-A24C-4F86-BF28-CF5192F1751B}.Debug|ARM.Deploy.0 = Debug|ARM
		{C8530718-A24C-4F86-BF28-CF5192F1751B}.Debug|ARM64.ActiveCfg = Debug|ARM64
		{C8530718-A24C-4F86-BF28-CF5192F1751B}.Debug|ARM64.Build.0 = Debug|ARM64
		{C8530718-A24C-4F86-BF28-CF5192F1751B}.Debug|ARM64.Deploy.0 = Debug|ARM64
		{C8530718-A24C-4F86-BF28-CF5192F1751B}.Debug|x64.ActiveCfg = Debug|x64
		{C8530718-A24C-4F86-BF28-CF5192F1751B}.Debug|x64.Build.0 = Debug|x64
		{C8530718-A24C-4F86-BF28-CF5192F1751B}.Debug|x64.Deploy.0 = Debug|x64
		{C8530718-A24C-4F86-BF28-CF5192F1751B}.Debug|x86.ActiveCfg = Debug|Win32
		{C8530718-A24C-4F86-BF28-CF5192F1751B}.Debug|x86.Build.0 = Debug|Win32
		{C8530718-A24C-4F86-BF28-CF5192F1751B}.Debug|x86.Deploy.0 = Debug|Win32
		{C8530718-A24C-4F86-BF28-CF5192F1751B}.Release|ARM.ActiveCfg = Release|ARM
		{C8530718-A24C-4F86-BF28-CF5192F1751B}.Release|ARM.Build.0 = Release|ARM
		{C8530718-A24C-4F86-BF28-CF5192F1751B}.Release|ARM.Deploy.0 = Release|ARM
		{C8530718-A24C-4F86-BF28-CF5192F1751B}.Release|ARM64.ActiveCfg = Release|ARM64
		{C8530718-A24C-4F86-BF28-CF5192F1751B}.Release|ARM64.Build.0 = Release|ARM64
		{C8530718-A24C-4F86-BF28-CF5192F1751B}.Release|ARM64.Deploy.0 = Release|ARM64
		{C8530718-A24C-4F86-BF28-CF5192F1751B}.Release|x64.ActiveCfg = Release|x64
		{C8530718-A24C-4F86-BF28-CF5192F1751B}.Release|x64.Build.0 = Release|x64
		{C8530718-A24C-4F86-BF28-CF5192F1751B}.Release|x64.Deploy.0 = Release|x64
		{C8530718-A24C-4F86-BF28-CF5192F1751B}.Release|x86.ActiveCfg = Release|Win32
		{C8530718-A24C-4F86-BF28-CF5192F1751B}.Release|x86.Build.0 = Release|Win32
		{C8530718-A24C-4F86-BF28-CF5192F1751B}.Release|x86.Deploy.0 = Release|Win32
		{E0E3D364-ABF7-407D-A67C-FDDDB58687F3}.Debug|ARM.ActiveCfg = Debug|Win32
		{E0E3D364-ABF7-407D-A67C-FDDDB58687F3}.Debug|ARM64.ActiveCfg = Debug|Win32
		{E0E3D364-ABF7-407D-A67C-FDDDB58687F3}.Debug|x64.ActiveCfg = Debug|x64
		{E0E3D364-ABF7-407D-A67C-FDDDB58687F3}.Debug|x64.Build.0 = Debug|x64
		{E0E3D364-ABF7-407D-A67C-FDDDB58687F3}.Debug|x86.ActiveCfg = Debug|Win32
		{E0E3D364-ABF7-407D-A67C-FDDDB58687F3}.Debug|x86.Build.0 = Debug|Win32
		{E0E3D364-ABF7-407D-A67C-FDDDB58687F3}.Release|ARM.ActiveCfg = Release|Win32
		{E0E3D364-ABF7-407D-A67C-FDDDB58687F3}.Release|ARM64.ActiveCfg = Release|Win32
		{E0E3D364-ABF7-407D-A67C-FDDDB58687F3}.Release|x64.ActiveCfg = Release|x64
		{E0E3D364-ABF7-407D-A67C-FDDDB58687F3}.Release|x64.Build.0 = Release|x64
		{E0E3D364-ABF7-407D-A67C-FDDDB58687F3}.Release|x86.ActiveCfg = Release|Win32
		{E0E3D364-ABF7-407D-A67C-FDDDB58687F3}.Release|x86.Build.0 = Release|Win32
		{4276EF07-4FDE-43AE-9C72-4CF73E669741}.Debug|ARM.ActiveCfg = Debug|Win32
		{4276EF07-4FDE-43AE-9C72-4CF73E669741}.Debug|ARM64.ActiveCfg = Debug|Win32
		{4276EF07-4FDE-43AE-9C72-4CF73E669741}.Debug|x64.ActiveCfg = Debug|x64
		{4276EF07-4FDE-43AE-9C72-4CF73E669741}.Debug|x64.Build.0 = Debug|x64
		{4276EF07-4FDE-43AE-9C72-4CF73E669741}.Debug|x86.ActiveCfg = Debug|Win32
		{4276EF07-4FDE-43AE-9C72-4CF73E669741}.Debug|x86.Build.0 = Debug|Win32
		{4276EF07-4FDE-43AE-9C72-4CF73E669741}.Release|ARM.ActiveCfg = Release|Win32
		{4276EF07-4FDE-43AE-9C72-4CF73E669741}.Release|ARM64.ActiveCfg = Release|Win32
		{4276EF07-4FDE-43AE-9C72-4CF73E669741}.Release|x64.ActiveCfg = Release|x64
		{4276EF07-4FDE-43AE-9C72-4CF73E669741}.Release|x64.Build.0 = Release|x64
		{4276EF07-4FDE-43AE-9C72-4CF73E669741}.Release|x86.ActiveCfg = Release|Win32
		{4276EF07-4FDE-43AE-9C72-4CF73E669741}.Release|x86.Build.0 = Release|Win32
		{E2954D26-F8EA-4865-B31A-5AF74DAEC92D}.Debug|ARM.ActiveCfg = Debug|Win32
		{E2954D26-F8EA-4865-B31A-5AF74DAEC92D}.Debug|ARM64.ActiveCfg = Debug|Win32
		{E2954D26-F8EA-4865-B31A-5AF74DAEC92D}.Debug|x64.ActiveCfg = Debug|x64
		{E2954D26-F8EA-4865-B31A-5AF74DAEC92D}.Debug|x64.Build.0 = Debug|x64
		{E2954D26-F8EA-4865-B31A-5AF74DAEC92D}.Debug|x86.ActiveCfg = Debug|Win32
		{E2954D26-F8EA-4865-B31A-5AF74DAEC92D}.Debug|x86.Build.0 = Debug|Win32
		{E2954D26-F8EA-4865-B31A-5AF74DAEC92D}.Release|ARM.ActiveCfg = Release|Win32
		{E2954D26-F8EA-4865-B31A-5AF74DAEC92D}.Release|ARM64.ActiveCfg = Release|Win32
		{E2954D26-F8EA-4865-B31A-5AF74DAEC92D}.Release|x64.ActiveCfg = Release|x64
		{E2954D26-F8EA-4865-B31A-5AF74DAEC92D}.Release|x64.Build.0 = Release|x64
		{E2954D26-F8EA-4865-B31A-5AF74DAEC92D}.Release|x86.ActiveCfg = Release|Win32
		{E2954D26-F8EA-4865-B31A-5AF74DAEC92D}.Release|x86.Build.0 = Release|Win32
		{23435BC0-4F45-4D8D-917D-90C86B5F0DA0}.Debug|ARM.ActiveCfg = Debug|Win32
		{23435BC0-4F45-4D8D-917D-90C86B5F0DA0}.Debug|ARM64.ActiveCfg = Debug|Win32
		{23435BC0-4F45-4D8D-917D-90C86B5F0DA0}.Debug|x64.ActiveCfg = Debug|x64
		{23435BC0-4F45-4D8D-917D-90C86B5F0DA0}.Debug|x64.Build.0 = Debug|x64
		{23435BC0-4F45-4D8D-917D-90C86B5F0DA0}.Debug|x86.ActiveCfg = Debug|Win32
		{23435BC0-4F45-4D8D-917D-90C86B5F0DA0}.Debug|x86.Build.0 = Debug|Win32
		{23435BC0-4F45-4D8D-917D-90C86B5F0DA0}.Release|ARM.ActiveCfg = Release|Win32
		{23435BC0-4F45-4D8D-917D-90C86B5F0DA0}.Release|ARM64.ActiveCfg = Release|Win32
		{23435BC0-4F45-4D8D-917D-90C86B5F0DA0}.Release|x64.ActiveCfg = Release|x64
		{23435BC0-4F45-4D8D-917D-90C86B5F0DA0}.Release|x64.Build.0 = Release|x64
		{23435BC0-4F45-4D8D-917D-90C86B5F0DA0}.Release|x86.ActiveCfg = Release|Win32
		{23435BC0-4F45-4D8D-917D-90C86B5F0DA0}.Release|x86.Build.0 = Release|Win32
		{495C31CF-8DD9-45AC-B53E-E70F3791C925}.Debug|ARM.ActiveCfg = Debug|Win32
		{495C31CF-8DD9-45AC-B53E-E70F3791C925}.Debug|ARM64.ActiveCfg = Debug|Win32
		{495C31CF-8DD9-45AC-B53E-E70F3791C925}.Debug|x64.ActiveCfg = Debug|x64
		{495C31CF-8DD9-45AC-B53E-E70F3791C925}.Debug|x64.Build.0 = Debug|x64
		{495C31CF-8DD9-45AC-B53E-E70F3791C925}.Debug|x86.ActiveCfg = Debug|Win32
		{495C31CF-8DD9-45AC-B53E-E70F3791C925}.Debug|x86.Build.0 = Debug|Win32
		{495C31CF-8DD9-45AC-B53E-E70F3791C925}.Release|ARM.ActiveCfg = Release|Win32
		{495C31CF-8DD9-45AC-B53E-E70F3791C925}.Release|ARM64.ActiveCfg = Release|Win32
		{495C31CF-8DD9-45AC-B53E-E70F3791C925}.Release|x64.ActiveCfg = Release|x64
		{495C31CF-8DD9-45AC-B53E-E70F3791C925}.Release|x64.Build.0 = Release|x64
		{495C31CF-8DD9-45AC-B53E-E70F3791C925}.Release|x86.ActiveCfg = Release|Win32
		{495C31CF-8DD9-45AC-B53E-E70F3791C925}.Release|x86.Build.0 = Release|Win32
		{09A755E6-67B4-4DBD-956A-0AFD923B779B}.Debug|ARM.ActiveCfg = Debug|Win32
		{09A755E6-67B4-4DBD-956A-0AFD923B779B}.Debug|ARM64.ActiveCfg = Debug|Win32
		{09A755E6-67B4-4DBD-956A-0AFD923B779B}.Debug|x64.ActiveCfg = Debug|x64
		{09A755E6-67B4-4DBD-956A-0AFD923B779B}.Debug|x64.Build.0 = Debug|x64
		{09A755E6-67B4-4DBD-956A-0AFD923B779B}.Debug|x86.ActiveCfg = Debug|Win32
		{09A755E6-67B4-4DBD-956A-0AFD923B779B}.Debug|x86.Build.0 = Debug|Win32
		{09A755E6-67B4-4DBD-956A-0AFD923B779B}.Release|ARM.ActiveCfg = Release|Win32
		{09A755E6-67B4-4DBD-956A-0AFD923B779B}.Release|ARM64.ActiveCfg = Release|Win32
		{09A755E6-67B4-4DBD-956A-0AFD923B779B}.Release|x64.ActiveCfg = Release|x64
		{09A755E6-67B4-4DBD-956A-0AFD923B779B}.Release|x64.Build.0 = Release|x64
		{09A755E6-67B4-4DBD-956A-0AFD923B779B}.Release|x86.ActiveCfg = Release|Win32
		{09A755E6-67B4-4DBD-956A-0AFD923B779B}.Release|x86.Build.0 = Release|Win32
		{F142A341-5EE0-442D-A15F-98AE9B48DBAE}.Debug|ARM.ActiveCfg = Debug|Win32
		{F142A341-5EE0-442D-A15F-98AE9B48DBAE}.Debug|ARM64.ActiveCfg = Debug|Win32
		{F142A341-5EE0-442D-A15F-98AE9B48DBAE}.Debug|x64.ActiveCfg = Debug|x64
		{F142A341-5EE0-442D-A15F-98AE9B48DBAE}.Debug|x64.Build.0 = Debug|x64
		{F142A341-5EE0-442D-A15F-98AE9B48DBAE}.Debug|x86.ActiveCfg = Debug|Win32
		{F142A341-5EE0-442D-A15F-98AE9B48DBAE}.Debug|x86.Build.0 = Debug|Win32
		{F142A341-5EE0-442D-A15F-98AE9B48DBAE}.Release|ARM.ActiveCfg = Release|Win32
		{F142A341-5EE0-442D-A15F-98AE9B48DBAE}.Release|ARM64.ActiveCfg = Release|Win32
		{F142A341-5EE0-442D-A15F-98AE9B48DBAE}.Release|x64.ActiveCfg = Release|x64
		{F142A341-5EE0-442D-A15F-98AE9B48DBAE}.Release|x64.Build.0 = Release|x64
		{F142A341-5EE0-442D-A15F-98AE9B48DBAE}.Release|x86.ActiveCfg = Release|Win32
		{F142A341-5EE0-442D-A15F-98AE9B48DBAE}.Release|x86.Build.0 = Release|Win32
		{F967758B-AE4A-44F6-AC12-7F63A9CE23E3}.Debug|ARM.ActiveCfg = Debug|ARM
		{F967758B-AE4A-44F6-AC12-7F63A9CE23E3}.Debug|ARM.Build.0 = Debug|ARM
		{F967758B-AE4A-44F6-AC12-7F63A9CE23E3}.Debug|ARM.Deploy.0 = Debug|ARM
		{F967758B-AE4A-44F6-AC12-7F63A9CE23E3}.Debug|ARM64.ActiveCfg = Debug|ARM64
		{F967758B-AE4A-44F6-AC12-7F63A9CE23E3}.Debug|ARM64.Build.0 = Debug|ARM64
		{F967758B-AE4A-44F6-AC12-7F63A9CE23E3}.Debug|ARM64.Deploy.0 = Debug|ARM64
		{F967758B-AE4A-44F6-AC12-7F63A9CE23E3}.Debug|x64.ActiveCfg = Debug|x64
		{F967758B-AE4A-44F6-AC12-7F63A9CE23E3}.Debug|x64.Build.0 = Debug|x64
		{F967758B-AE4A-44F6-AC12-7F63A9CE23E3}.Debug|x64.Deploy.0 = Debug|x64
		{F967758B-AE4A-44F6-AC12-7F63A9CE23E3}.Debug|x86.ActiveCfg = Debug|Win32
		{F967758B-AE4A-44F6-AC12-7F63A9CE23E3}.Debug|x86.Build.0 = Debug|Win32
		{F967758B-AE4A-44F6-AC12-7F63A9CE23E3}.Debug|x86.Deploy.0 = Debug|Win32
		{F967758B-AE4A-44F6-AC12-7F63A9CE23E3}.Release|ARM.ActiveCfg = Release|ARM
		{F967758B-AE4A-44F6-AC12-7F63A9CE23E3}.Release|ARM.Build.0 = Release|ARM
		{F967758B-AE4A-44F6-AC12-7F63A9CE23E3}.Release|ARM.Deploy.0 = Release|ARM
		{F967758B-AE4A-44F6-AC12-7F63A9CE23E3}.Release|ARM64.ActiveCfg = Release|ARM64
		{F967758B-AE4A-44F6-AC12-7F63A9CE23E3}.Release|ARM64.Build.0 = Release|ARM64
		{F967758B-AE4A-44F6-AC12-7F63A9CE23E3}.Release|ARM64.Deploy.0 = Release|ARM64
		{F967758B-AE4A-44F6-AC12-7F63A9CE23E3}.Release|x64.ActiveCfg = Release|x64
		{F967758B-AE4A-44F6-AC12-7F63A9CE23E3}.Release|x64.Build.0 = Release|x64
		{F967758B-AE4A-44F6-AC12-7F63A9CE23E3}.Release|x64.Deploy.0 = Release|x64
		{F967758B-AE4A-44F6-AC12-7F63A9CE23E3}.Release|x86.ActiveCfg = Release|Win32
		{F967758B-AE4A-44F6-AC12-7F63A9CE23E3}.Release|x86.Build.0 = Release|Win32
		{F967758B-AE4A-44F6-AC12-7F63A9CE23E3}.Release|x86.Deploy.0 = Release|Win32
	EndGlobalSection
	GlobalSection(SolutionProperties) = preSolution
		HideSolutionNode = FALSE
	EndGlobalSection
	GlobalSection(ExtensibilityGlobals) = postSolution
		SolutionGuid = {70B8351A-024E-4DEC-9E5F-A31C4399E1A2}
	EndGlobalSection
EndGlobal
