<?xml version="1.0" encoding="utf-8"?>
<Project ToolsVersion="4.0" xmlns="http://schemas.microsoft.com/developer/msbuild/2003">
  <ItemGroup>
    <Filter Include="源文件">
      <UniqueIdentifier>{4FC737F1-C7A5-4376-A066-2A32D752A2FF}</UniqueIdentifier>
      <Extensions>cpp;c;cc;cxx;c++;cppm;ixx;def;odl;idl;hpj;bat;asm;asmx</Extensions>
    </Filter>
    <Filter Include="头文件">
      <UniqueIdentifier>{93995380-89BD-4b04-88EB-625FBE52EBFB}</UniqueIdentifier>
      <Extensions>h;hh;hpp;hxx;h++;hm;inl;inc;ipp;xsd</Extensions>
    </Filter>
    <Filter Include="资源文件">
      <UniqueIdentifier>{67DA6AB6-F800-4c08-8B7A-83BB121AAD01}</UniqueIdentifier>
      <Extensions>rc;ico;cur;bmp;dlg;rc2;rct;bin;rgs;gif;jpg;jpeg;jpe;resx;tiff;tif;png;wav;mfcribbon-ms</Extensions>
    </Filter>
    <Filter Include="Trackers">
      <UniqueIdentifier>{abbf098f-ef6c-4a17-b70c-95f77f1fa568}</UniqueIdentifier>
    </Filter>
    <Filter Include="EventTracing">
      <UniqueIdentifier>{76558903-d35a-4ae8-a405-4e93d3b80aec}</UniqueIdentifier>
    </Filter>
    <Filter Include="StructuredStorage">
      <UniqueIdentifier>{102a75a3-8342-466b-8493-25cbbbda9335}</UniqueIdentifier>
    </Filter>
  </ItemGroup>
  <ItemGroup>
    <ClCompile Include="Processes.cpp">
      <Filter>源文件</Filter>
    </ClCompile>
    <ClCompile Include="ProcessInfo.cpp">
      <Filter>源文件</Filter>
    </ClCompile>
    <ClCompile Include="pch.cpp">
      <Filter>源文件</Filter>
    </ClCompile>
    <ClCompile Include="Thread.cpp">
      <Filter>源文件</Filter>
    </ClCompile>
    <ClCompile Include="SystemInformation.cpp">
      <Filter>源文件</Filter>
    </ClCompile>
    <ClCompile Include="ProcessManager.cpp">
      <Filter>源文件</Filter>
    </ClCompile>
    <ClCompile Include="NetworkInformation.cpp">
      <Filter>源文件</Filter>
    </ClCompile>
    <ClCompile Include="ServiceManager.cpp">
      <Filter>源文件</Filter>
    </ClCompile>
    <ClCompile Include="Service.cpp">
      <Filter>源文件</Filter>
    </ClCompile>
    <ClCompile Include="Sid.cpp">
      <Filter>源文件</Filter>
    </ClCompile>
    <ClCompile Include="Token.cpp">
      <Filter>源文件</Filter>
    </ClCompile>
    <ClCompile Include="ObjectManager.cpp">
      <Filter>源文件</Filter>
    </ClCompile>
    <ClCompile Include="DriverHelper.cpp">
      <Filter>源文件</Filter>
    </ClCompile>
    <ClCompile Include="SecurityHelper.cpp">
      <Filter>源文件</Filter>
    </ClCompile>
    <ClCompile Include="ThreadInfoEx.cpp">
      <Filter>源文件</Filter>
    </ClCompile>
    <ClCompile Include="ActiveConnectionTracker.cpp">
      <Filter>Trackers</Filter>
    </ClCompile>
    <ClCompile Include="KernelModuleTracker.cpp">
      <Filter>Trackers</Filter>
    </ClCompile>
    <ClCompile Include="ProcessModuleTracker.cpp">
      <Filter>Trackers</Filter>
    </ClCompile>
    <ClCompile Include="ProcessHandleTracker.cpp">
      <Filter>Trackers</Filter>
    </ClCompile>
    <ClCompile Include="ProcessVMTracker.cpp">
      <Filter>Trackers</Filter>
    </ClCompile>
    <ClCompile Include="DeviceManager.cpp">
      <Filter>源文件</Filter>
    </ClCompile>
    <ClCompile Include="Helpers.cpp">
      <Filter>源文件</Filter>
    </ClCompile>
    <ClCompile Include="EventData.cpp">
      <Filter>EventTracing</Filter>
    </ClCompile>
    <ClCompile Include="KernelEvents.cpp">
      <Filter>EventTracing</Filter>
    </ClCompile>
    <ClCompile Include="TraceManager.cpp">
      <Filter>EventTracing</Filter>
    </ClCompile>
    <ClCompile Include="FilterBase.cpp">
      <Filter>EventTracing</Filter>
    </ClCompile>
    <ClCompile Include="StringCompareFilterBase.cpp">
      <Filter>EventTracing</Filter>
    </ClCompile>
    <ClCompile Include="LsaSecurity.cpp">
      <Filter>源文件</Filter>
    </ClCompile>
    <ClCompile Include="WFPHelpers.cpp">
      <Filter>源文件</Filter>
    </ClCompile>
    <ClCompile Include="ApiSets.cpp">
      <Filter>源文件</Filter>
    </ClCompile>
    <ClCompile Include="NewKernelHandler.cpp">
      <Filter>源文件</Filter>
    </ClCompile>
  </ItemGroup>
  <ItemGroup>
    <ClInclude Include="Processes.h">
      <Filter>头文件</Filter>
    </ClInclude>
    <ClInclude Include="ProcessInfo.h">
      <Filter>头文件</Filter>
    </ClInclude>
    <ClInclude Include="ThreadInfo.h">
      <Filter>头文件</Filter>
    </ClInclude>
    <ClInclude Include="pch.h">
      <Filter>头文件</Filter>
    </ClInclude>
    <ClInclude Include="Thread.h">
      <Filter>头文件</Filter>
    </ClInclude>
    <ClInclude Include="SystemInformation.h">
      <Filter>头文件</Filter>
    </ClInclude>
    <ClInclude Include="WinSysCore.h">
      <Filter>头文件</Filter>
    </ClInclude>
    <ClInclude Include="ProcessManager.h">
      <Filter>头文件</Filter>
    </ClInclude>
    <ClInclude Include="Keys.h">
      <Filter>头文件</Filter>
    </ClInclude>
    <ClInclude Include="NetworkInformation.h">
      <Filter>头文件</Filter>
    </ClInclude>
    <ClInclude Include="ServiceManager.h">
      <Filter>头文件</Filter>
    </ClInclude>
    <ClInclude Include="ServiceInfo.h">
      <Filter>头文件</Filter>
    </ClInclude>
    <ClInclude Include="Service.h">
      <Filter>头文件</Filter>
    </ClInclude>
    <ClInclude Include="Sid.h">
      <Filter>头文件</Filter>
    </ClInclude>
    <ClInclude Include="Token.h">
      <Filter>头文件</Filter>
    </ClInclude>
    <ClInclude Include="ObjectManager.h">
      <Filter>头文件</Filter>
    </ClInclude>
    <ClInclude Include="DriverHelper.h">
      <Filter>头文件</Filter>
    </ClInclude>
    <ClInclude Include="SecurityHelper.h">
      <Filter>头文件</Filter>
    </ClInclude>
    <ClInclude Include="ThreadInfoEx.h">
      <Filter>头文件</Filter>
    </ClInclude>
    <ClInclude Include="ActiveConnectionTracker.h">
      <Filter>Trackers</Filter>
    </ClInclude>
    <ClInclude Include="KernelModuleTracker.h">
      <Filter>Trackers</Filter>
    </ClInclude>
    <ClInclude Include="ProcessHandleTracker.h">
      <Filter>Trackers</Filter>
    </ClInclude>
    <ClInclude Include="ProcessModuleTracker.h">
      <Filter>Trackers</Filter>
    </ClInclude>
    <ClInclude Include="ProcessVMTracker.h">
      <Filter>Trackers</Filter>
    </ClInclude>
    <ClInclude Include="DeviceManager.h">
      <Filter>头文件</Filter>
    </ClInclude>
    <ClInclude Include="Helpers.h">
      <Filter>头文件</Filter>
    </ClInclude>
    <ClInclude Include="EventData.h">
      <Filter>EventTracing</Filter>
    </ClInclude>
    <ClInclude Include="KernelEvents.h">
      <Filter>EventTracing</Filter>
    </ClInclude>
    <ClInclude Include="TraceManager.h">
      <Filter>EventTracing</Filter>
    </ClInclude>
    <ClInclude Include="FilterBase.h">
      <Filter>EventTracing</Filter>
    </ClInclude>
    <ClInclude Include="StringCompareFilterBase.h">
      <Filter>EventTracing</Filter>
    </ClInclude>
    <ClInclude Include="LsaSecurity.h">
      <Filter>头文件</Filter>
    </ClInclude>
    <ClInclude Include="WFPHelpers.h">
      <Filter>头文件</Filter>
    </ClInclude>
    <ClInclude Include="ApiSets.h">
      <Filter>头文件</Filter>
    </ClInclude>
    <ClInclude Include="NewKernelHandler.h">
      <Filter>头文件</Filter>
    </ClInclude>
  </ItemGroup>
  <ItemGroup>
    <None Include="packages.config" />
  </ItemGroup>
</Project>